{
  "version": "4",
  "specifiers": {
    "npm:@sveltejs/adapter-static@3": "3.0.8_@sveltejs+kit@2.17.2__@sveltejs+vite-plugin-svelte@3.1.2___svelte@4.2.19___vite@5.4.14__svelte@4.2.19__vite@5.4.14_@sveltejs+vite-plugin-svelte@3.1.2__svelte@4.2.19__vite@5.4.14_svelte@4.2.19_vite@5.4.14",
    "npm:@sveltejs/kit@^2.11.0": "2.17.2_@sveltejs+vite-plugin-svelte@3.1.2__svelte@4.2.19__vite@5.4.14_svelte@4.2.19_vite@5.4.14",
    "npm:@sveltejs/kit@^2.17.0": "2.17.2_@sveltejs+vite-plugin-svelte@3.1.2__svelte@4.2.19__vite@5.4.14_svelte@4.2.19_vite@5.4.14",
    "npm:@sveltejs/vite-plugin-svelte@^3.1.0": "3.1.2_svelte@4.2.19_vite@5.4.14",
    "npm:@tailwindcss/vite@4": "4.0.15_vite@5.4.14_lightningcss@1.29.2",
    "npm:@tauri-apps/api@^2.2.0": "2.2.0",
    "npm:@tauri-apps/cli@^2.2.0": "2.2.7",
    "npm:@tauri-apps/plugin-deep-link@^2.2.0": "2.2.0",
    "npm:@tauri-apps/plugin-dialog@^2.2.0": "2.2.0",
    "npm:phosphor-svelte@2": "2.0.1_svelte@4.2.19",
    "npm:postcss@^8.5.0": "8.5.2",
    "npm:svelte-check@^4.1.0": "4.1.4_svelte@4.2.19_typescript@5.7.3",
    "npm:svelte@^4.2.0": "4.2.19",
    "npm:tailwindcss@4": "4.0.7",
    "npm:typescript@^5.7.0": "5.7.3",
    "npm:vite@^5.4.0": "5.4.14"
  },
  "npm": {
    "@ampproject/remapping@2.3.0": {
      "integrity": "sha512-30iZtAPgz+LTIYoeivqYo853f02jBYSd5uGnGpkFV0M3xOt9aN73erkgYAmZU43x4VfqcnLxW9Kpg3R5LC4YYw==",
      "dependencies": [
        "@jridgewell/gen-mapping",
        "@jridgewell/trace-mapping"
      ]
    },
    "@esbuild/aix-ppc64@0.21.5": {
      "integrity": "sha512-1SDgH6ZSPTlggy1yI6+Dbkiz8xzpHJEVAlF/AM1tHPLsf5STom9rwtjE4hKAF20FfXXNTFqEYXyJNWh1GiZedQ=="
    },
    "@esbuild/android-arm64@0.21.5": {
      "integrity": "sha512-c0uX9VAUBQ7dTDCjq+wdyGLowMdtR/GoC2U5IYk/7D1H1JYC0qseD7+11iMP2mRLN9RcCMRcjC4YMclCzGwS/A=="
    },
    "@esbuild/android-arm@0.21.5": {
      "integrity": "sha512-vCPvzSjpPHEi1siZdlvAlsPxXl7WbOVUBBAowWug4rJHb68Ox8KualB+1ocNvT5fjv6wpkX6o/iEpbDrf68zcg=="
    },
    "@esbuild/android-x64@0.21.5": {
      "integrity": "sha512-D7aPRUUNHRBwHxzxRvp856rjUHRFW1SdQATKXH2hqA0kAZb1hKmi02OpYRacl0TxIGz/ZmXWlbZgjwWYaCakTA=="
    },
    "@esbuild/darwin-arm64@0.21.5": {
      "integrity": "sha512-DwqXqZyuk5AiWWf3UfLiRDJ5EDd49zg6O9wclZ7kUMv2WRFr4HKjXp/5t8JZ11QbQfUS6/cRCKGwYhtNAY88kQ=="
    },
    "@esbuild/darwin-x64@0.21.5": {
      "integrity": "sha512-se/JjF8NlmKVG4kNIuyWMV/22ZaerB+qaSi5MdrXtd6R08kvs2qCN4C09miupktDitvh8jRFflwGFBQcxZRjbw=="
    },
    "@esbuild/freebsd-arm64@0.21.5": {
      "integrity": "sha512-5JcRxxRDUJLX8JXp/wcBCy3pENnCgBR9bN6JsY4OmhfUtIHe3ZW0mawA7+RDAcMLrMIZaf03NlQiX9DGyB8h4g=="
    },
    "@esbuild/freebsd-x64@0.21.5": {
      "integrity": "sha512-J95kNBj1zkbMXtHVH29bBriQygMXqoVQOQYA+ISs0/2l3T9/kj42ow2mpqerRBxDJnmkUDCaQT/dfNXWX/ZZCQ=="
    },
    "@esbuild/linux-arm64@0.21.5": {
      "integrity": "sha512-ibKvmyYzKsBeX8d8I7MH/TMfWDXBF3db4qM6sy+7re0YXya+K1cem3on9XgdT2EQGMu4hQyZhan7TeQ8XkGp4Q=="
    },
    "@esbuild/linux-arm@0.21.5": {
      "integrity": "sha512-bPb5AHZtbeNGjCKVZ9UGqGwo8EUu4cLq68E95A53KlxAPRmUyYv2D6F0uUI65XisGOL1hBP5mTronbgo+0bFcA=="
    },
    "@esbuild/linux-ia32@0.21.5": {
      "integrity": "sha512-YvjXDqLRqPDl2dvRODYmmhz4rPeVKYvppfGYKSNGdyZkA01046pLWyRKKI3ax8fbJoK5QbxblURkwK/MWY18Tg=="
    },
    "@esbuild/linux-loong64@0.21.5": {
      "integrity": "sha512-uHf1BmMG8qEvzdrzAqg2SIG/02+4/DHB6a9Kbya0XDvwDEKCoC8ZRWI5JJvNdUjtciBGFQ5PuBlpEOXQj+JQSg=="
    },
    "@esbuild/linux-mips64el@0.21.5": {
      "integrity": "sha512-IajOmO+KJK23bj52dFSNCMsz1QP1DqM6cwLUv3W1QwyxkyIWecfafnI555fvSGqEKwjMXVLokcV5ygHW5b3Jbg=="
    },
    "@esbuild/linux-ppc64@0.21.5": {
      "integrity": "sha512-1hHV/Z4OEfMwpLO8rp7CvlhBDnjsC3CttJXIhBi+5Aj5r+MBvy4egg7wCbe//hSsT+RvDAG7s81tAvpL2XAE4w=="
    },
    "@esbuild/linux-riscv64@0.21.5": {
      "integrity": "sha512-2HdXDMd9GMgTGrPWnJzP2ALSokE/0O5HhTUvWIbD3YdjME8JwvSCnNGBnTThKGEB91OZhzrJ4qIIxk/SBmyDDA=="
    },
    "@esbuild/linux-s390x@0.21.5": {
      "integrity": "sha512-zus5sxzqBJD3eXxwvjN1yQkRepANgxE9lgOW2qLnmr8ikMTphkjgXu1HR01K4FJg8h1kEEDAqDcZQtbrRnB41A=="
    },
    "@esbuild/linux-x64@0.21.5": {
      "integrity": "sha512-1rYdTpyv03iycF1+BhzrzQJCdOuAOtaqHTWJZCWvijKD2N5Xu0TtVC8/+1faWqcP9iBCWOmjmhoH94dH82BxPQ=="
    },
    "@esbuild/netbsd-x64@0.21.5": {
      "integrity": "sha512-Woi2MXzXjMULccIwMnLciyZH4nCIMpWQAs049KEeMvOcNADVxo0UBIQPfSmxB3CWKedngg7sWZdLvLczpe0tLg=="
    },
    "@esbuild/openbsd-x64@0.21.5": {
      "integrity": "sha512-HLNNw99xsvx12lFBUwoT8EVCsSvRNDVxNpjZ7bPn947b8gJPzeHWyNVhFsaerc0n3TsbOINvRP2byTZ5LKezow=="
    },
    "@esbuild/sunos-x64@0.21.5": {
      "integrity": "sha512-6+gjmFpfy0BHU5Tpptkuh8+uw3mnrvgs+dSPQXQOv3ekbordwnzTVEb4qnIvQcYXq6gzkyTnoZ9dZG+D4garKg=="
    },
    "@esbuild/win32-arm64@0.21.5": {
      "integrity": "sha512-Z0gOTd75VvXqyq7nsl93zwahcTROgqvuAcYDUr+vOv8uHhNSKROyU961kgtCD1e95IqPKSQKH7tBTslnS3tA8A=="
    },
    "@esbuild/win32-ia32@0.21.5": {
      "integrity": "sha512-SWXFF1CL2RVNMaVs+BBClwtfZSvDgtL//G/smwAc5oVK/UPu2Gu9tIaRgFmYFFKrmg3SyAjSrElf0TiJ1v8fYA=="
    },
    "@esbuild/win32-x64@0.21.5": {
      "integrity": "sha512-tQd/1efJuzPC6rCFwEvLtci/xNFcTZknmXs98FYDfGE4wP9ClFV98nyKrzJKVPMhdDnjzLhdUyMX4PsQAPjwIw=="
    },
    "@jridgewell/gen-mapping@0.3.8": {
      "integrity": "sha512-imAbBGkb+ebQyxKgzv5Hu2nmROxoDOXHh80evxdoXNOrvAnVx7zimzc1Oo5h9RlfV4vPXaE2iM5pOFbvOCClWA==",
      "dependencies": [
        "@jridgewell/set-array",
        "@jridgewell/sourcemap-codec",
        "@jridgewell/trace-mapping"
      ]
    },
    "@jridgewell/resolve-uri@3.1.2": {
      "integrity": "sha512-bRISgCIjP20/tbWSPWMEi54QVPRZExkuD9lJL+UIxUKtwVJA8wW1Trb1jMs1RFXo1CBTNZ/5hpC9QvmKWdopKw=="
    },
    "@jridgewell/set-array@1.2.1": {
      "integrity": "sha512-R8gLRTZeyp03ymzP/6Lil/28tGeGEzhx1q2k703KGWRAI1VdvPIXdG70VJc2pAMw3NA6JKL5hhFu1sJX0Mnn/A=="
    },
    "@jridgewell/sourcemap-codec@1.5.0": {
      "integrity": "sha512-gv3ZRaISU3fjPAgNsriBRqGWQL6quFx04YMPW/zD8XMLsU32mhCCbfbO6KZFLjvYpCZ8zyDEgqsgf+PwPaM7GQ=="
    },
    "@jridgewell/trace-mapping@0.3.25": {
      "integrity": "sha512-vNk6aEwybGtawWmy/PzwnGDOjCkLWSD2wqvjGGAgOAwCGWySYXfYoxt00IJkTF+8Lb57DwOb3Aa0o9CApepiYQ==",
      "dependencies": [
        "@jridgewell/resolve-uri",
        "@jridgewell/sourcemap-codec"
      ]
    },
    "@polka/url@1.0.0-next.28": {
      "integrity": "sha512-8LduaNlMZGwdZ6qWrKlfa+2M4gahzFkprZiAt2TF8uS0qQgBizKXpXURqvTJ4WtmupWxaLqjRb2UCTe72mu+Aw=="
    },
    "@rollup/rollup-android-arm-eabi@4.34.8": {
      "integrity": "sha512-q217OSE8DTp8AFHuNHXo0Y86e1wtlfVrXiAlwkIvGRQv9zbc6mE3sjIVfwI8sYUyNxwOg0j/Vm1RKM04JcWLJw=="
    },
    "@rollup/rollup-android-arm64@4.34.8": {
      "integrity": "sha512-Gigjz7mNWaOL9wCggvoK3jEIUUbGul656opstjaUSGC3eT0BM7PofdAJaBfPFWWkXNVAXbaQtC99OCg4sJv70Q=="
    },
    "@rollup/rollup-darwin-arm64@4.34.8": {
      "integrity": "sha512-02rVdZ5tgdUNRxIUrFdcMBZQoaPMrxtwSb+/hOfBdqkatYHR3lZ2A2EGyHq2sGOd0Owk80oV3snlDASC24He3Q=="
    },
    "@rollup/rollup-darwin-x64@4.34.8": {
      "integrity": "sha512-qIP/elwR/tq/dYRx3lgwK31jkZvMiD6qUtOycLhTzCvrjbZ3LjQnEM9rNhSGpbLXVJYQ3rq39A6Re0h9tU2ynw=="
    },
    "@rollup/rollup-freebsd-arm64@4.34.8": {
      "integrity": "sha512-IQNVXL9iY6NniYbTaOKdrlVP3XIqazBgJOVkddzJlqnCpRi/yAeSOa8PLcECFSQochzqApIOE1GHNu3pCz+BDA=="
    },
    "@rollup/rollup-freebsd-x64@4.34.8": {
      "integrity": "sha512-TYXcHghgnCqYFiE3FT5QwXtOZqDj5GmaFNTNt3jNC+vh22dc/ukG2cG+pi75QO4kACohZzidsq7yKTKwq/Jq7Q=="
    },
    "@rollup/rollup-linux-arm-gnueabihf@4.34.8": {
      "integrity": "sha512-A4iphFGNkWRd+5m3VIGuqHnG3MVnqKe7Al57u9mwgbyZ2/xF9Jio72MaY7xxh+Y87VAHmGQr73qoKL9HPbXj1g=="
    },
    "@rollup/rollup-linux-arm-musleabihf@4.34.8": {
      "integrity": "sha512-S0lqKLfTm5u+QTxlFiAnb2J/2dgQqRy/XvziPtDd1rKZFXHTyYLoVL58M/XFwDI01AQCDIevGLbQrMAtdyanpA=="
    },
    "@rollup/rollup-linux-arm64-gnu@4.34.8": {
      "integrity": "sha512-jpz9YOuPiSkL4G4pqKrus0pn9aYwpImGkosRKwNi+sJSkz+WU3anZe6hi73StLOQdfXYXC7hUfsQlTnjMd3s1A=="
    },
    "@rollup/rollup-linux-arm64-musl@4.34.8": {
      "integrity": "sha512-KdSfaROOUJXgTVxJNAZ3KwkRc5nggDk+06P6lgi1HLv1hskgvxHUKZ4xtwHkVYJ1Rep4GNo+uEfycCRRxht7+Q=="
    },
    "@rollup/rollup-linux-loongarch64-gnu@4.34.8": {
      "integrity": "sha512-NyF4gcxwkMFRjgXBM6g2lkT58OWztZvw5KkV2K0qqSnUEqCVcqdh2jN4gQrTn/YUpAcNKyFHfoOZEer9nwo6uQ=="
    },
    "@rollup/rollup-linux-powerpc64le-gnu@4.34.8": {
      "integrity": "sha512-LMJc999GkhGvktHU85zNTDImZVUCJ1z/MbAJTnviiWmmjyckP5aQsHtcujMjpNdMZPT2rQEDBlJfubhs3jsMfw=="
    },
    "@rollup/rollup-linux-riscv64-gnu@4.34.8": {
      "integrity": "sha512-xAQCAHPj8nJq1PI3z8CIZzXuXCstquz7cIOL73HHdXiRcKk8Ywwqtx2wrIy23EcTn4aZ2fLJNBB8d0tQENPCmw=="
    },
    "@rollup/rollup-linux-s390x-gnu@4.34.8": {
      "integrity": "sha512-DdePVk1NDEuc3fOe3dPPTb+rjMtuFw89gw6gVWxQFAuEqqSdDKnrwzZHrUYdac7A7dXl9Q2Vflxpme15gUWQFA=="
    },
    "@rollup/rollup-linux-x64-gnu@4.34.8": {
      "integrity": "sha512-8y7ED8gjxITUltTUEJLQdgpbPh1sUQ0kMTmufRF/Ns5tI9TNMNlhWtmPKKHCU0SilX+3MJkZ0zERYYGIVBYHIA=="
    },
    "@rollup/rollup-linux-x64-musl@4.34.8": {
      "integrity": "sha512-SCXcP0ZpGFIe7Ge+McxY5zKxiEI5ra+GT3QRxL0pMMtxPfpyLAKleZODi1zdRHkz5/BhueUrYtYVgubqe9JBNQ=="
    },
    "@rollup/rollup-win32-arm64-msvc@4.34.8": {
      "integrity": "sha512-YHYsgzZgFJzTRbth4h7Or0m5O74Yda+hLin0irAIobkLQFRQd1qWmnoVfwmKm9TXIZVAD0nZ+GEb2ICicLyCnQ=="
    },
    "@rollup/rollup-win32-ia32-msvc@4.34.8": {
      "integrity": "sha512-r3NRQrXkHr4uWy5TOjTpTYojR9XmF0j/RYgKCef+Ag46FWUTltm5ziticv8LdNsDMehjJ543x/+TJAek/xBA2w=="
    },
    "@rollup/rollup-win32-x64-msvc@4.34.8": {
      "integrity": "sha512-U0FaE5O1BCpZSeE6gBl3c5ObhePQSfk9vDRToMmTkbhCOgW4jqvtS5LGyQ76L1fH8sM0keRp4uDTsbjiUyjk0g=="
    },
    "@sveltejs/adapter-static@3.0.8_@sveltejs+kit@2.17.2__@sveltejs+vite-plugin-svelte@3.1.2___svelte@4.2.19___vite@5.4.14__svelte@4.2.19__vite@5.4.14_@sveltejs+vite-plugin-svelte@3.1.2__svelte@4.2.19__vite@5.4.14_svelte@4.2.19_vite@5.4.14": {
      "integrity": "sha512-YaDrquRpZwfcXbnlDsSrBQNCChVOT9MGuSg+dMAyfsAa1SmiAhrA5jUYUiIMC59G92kIbY/AaQOWcBdq+lh+zg==",
      "dependencies": [
        "@sveltejs/kit"
      ]
    },
    "@sveltejs/kit@2.17.2_@sveltejs+vite-plugin-svelte@3.1.2__svelte@4.2.19__vite@5.4.14_svelte@4.2.19_vite@5.4.14": {
      "integrity": "sha512-Vypk02baf7qd3SOB1uUwUC/3Oka+srPo2J0a8YN3EfJypRshDkNx9HzNKjSmhOnGWwT+SSO06+N0mAb8iVTmTQ==",
      "dependencies": [
        "@sveltejs/vite-plugin-svelte",
        "@types/cookie",
        "cookie",
        "devalue",
        "esm-env",
        "import-meta-resolve",
        "kleur",
        "magic-string",
        "mrmime",
        "sade",
        "set-cookie-parser",
        "sirv",
        "svelte",
        "vite@5.4.14"
      ]
    },
    "@sveltejs/vite-plugin-svelte-inspector@2.1.0_@sveltejs+vite-plugin-svelte@3.1.2__svelte@4.2.19__vite@5.4.14_svelte@4.2.19_vite@5.4.14": {
      "integrity": "sha512-9QX28IymvBlSCqsCll5t0kQVxipsfhFFL+L2t3nTWfXnddYwxBuAEtTtlaVQpRz9c37BhJjltSeY4AJSC03SSg==",
      "dependencies": [
        "@sveltejs/vite-plugin-svelte",
        "debug",
        "svelte",
        "vite@5.4.14"
      ]
    },
    "@sveltejs/vite-plugin-svelte@3.1.2_svelte@4.2.19_vite@5.4.14": {
      "integrity": "sha512-Txsm1tJvtiYeLUVRNqxZGKR/mI+CzuIQuc2gn+YCs9rMTowpNZ2Nqt53JdL8KF9bLhAf2ruR/dr9eZCwdTriRA==",
      "dependencies": [
        "@sveltejs/vite-plugin-svelte-inspector",
        "debug",
        "deepmerge",
        "kleur",
        "magic-string",
        "svelte",
        "svelte-hmr",
        "vite@5.4.14",
        "vitefu"
      ]
    },
    "@tailwindcss/node@4.0.15": {
      "integrity": "sha512-IODaJjNmiasfZX3IoS+4Em3iu0fD2HS0/tgrnkYfW4hyUor01Smnr5eY3jc4rRgaTDrJlDmBTHbFO0ETTDaxWA==",
      "dependencies": [
        "enhanced-resolve",
        "jiti",
        "tailwindcss@4.0.15"
      ]
    },
    "@tailwindcss/oxide-android-arm64@4.0.15": {
      "integrity": "sha512-EBuyfSKkom7N+CB3A+7c0m4+qzKuiN0WCvzPvj5ZoRu4NlQadg/mthc1tl5k9b5ffRGsbDvP4k21azU4VwVk3Q=="
    },
    "@tailwindcss/oxide-darwin-arm64@4.0.15": {
      "integrity": "sha512-ObVAnEpLepMhV9VoO0JSit66jiN5C4YCqW3TflsE9boo2Z7FIjV80RFbgeL2opBhtxbaNEDa6D0/hq/EP03kgQ=="
    },
    "@tailwindcss/oxide-darwin-x64@4.0.15": {
      "integrity": "sha512-IElwoFhUinOr9MyKmGTPNi1Rwdh68JReFgYWibPWTGuevkHkLWKEflZc2jtI5lWZ5U9JjUnUfnY43I4fEXrc4g=="
    },
    "@tailwindcss/oxide-freebsd-x64@4.0.15": {
      "integrity": "sha512-6BLLqyx7SIYRBOnTZ8wgfXANLJV5TQd3PevRJZp0vn42eO58A2LykRKdvL1qyPfdpmEVtF+uVOEZ4QTMqDRAWA=="
    },
    "@tailwindcss/oxide-linux-arm-gnueabihf@4.0.15": {
      "integrity": "sha512-Zy63EVqO9241Pfg6G0IlRIWyY5vNcWrL5dd2WAKVJZRQVeolXEf1KfjkyeAAlErDj72cnyXObEZjMoPEKHpdNw=="
    },
    "@tailwindcss/oxide-linux-arm64-gnu@4.0.15": {
      "integrity": "sha512-2NemGQeaTbtIp1Z2wyerbVEJZTkAWhMDOhhR5z/zJ75yMNf8yLnE+sAlyf6yGDNr+1RqvWrRhhCFt7i0CIxe4Q=="
    },
    "@tailwindcss/oxide-linux-arm64-musl@4.0.15": {
      "integrity": "sha512-342GVnhH/6PkVgKtEzvNVuQ4D+Q7B7qplvuH20Cfz9qEtydG6IQczTZ5IT4JPlh931MG1NUCVxg+CIorr1WJyw=="
    },
    "@tailwindcss/oxide-linux-x64-gnu@4.0.15": {
      "integrity": "sha512-g76GxlKH124RuGqacCEFc2nbzRl7bBrlC8qDQMiUABkiifDRHOIUjgKbLNG4RuR9hQAD/MKsqZ7A8L08zsoBrw=="
    },
    "@tailwindcss/oxide-linux-x64-musl@4.0.15": {
      "integrity": "sha512-Gg/Y1XrKEvKpq6WeNt2h8rMIKOBj/W3mNa5NMvkQgMC7iO0+UNLrYmt6zgZufht66HozNpn+tJMbbkZ5a3LczA=="
    },
    "@tailwindcss/oxide-win32-arm64-msvc@4.0.15": {
      "integrity": "sha512-7QtSSJwYZ7ZK1phVgcNZpuf7c7gaCj8Wb0xjliligT5qCGCp79OV2n3SJummVZdw4fbTNKUOYMO7m1GinppZyA=="
    },
    "@tailwindcss/oxide-win32-x64-msvc@4.0.15": {
      "integrity": "sha512-JQ5H+5MLhOjpgNp6KomouE0ZuKmk3hO5h7/ClMNAQ8gZI2zkli3IH8ZqLbd2DVfXDbdxN2xvooIEeIlkIoSCqw=="
    },
    "@tailwindcss/oxide@4.0.15": {
      "integrity": "sha512-e0uHrKfPu7JJGMfjwVNyt5M0u+OP8kUmhACwIRlM+JNBuReDVQ63yAD1NWe5DwJtdaHjugNBil76j+ks3zlk6g==",
      "dependencies": [
        "@tailwindcss/oxide-android-arm64",
        "@tailwindcss/oxide-darwin-arm64",
        "@tailwindcss/oxide-darwin-x64",
        "@tailwindcss/oxide-freebsd-x64",
        "@tailwindcss/oxide-linux-arm-gnueabihf",
        "@tailwindcss/oxide-linux-arm64-gnu",
        "@tailwindcss/oxide-linux-arm64-musl",
        "@tailwindcss/oxide-linux-x64-gnu",
        "@tailwindcss/oxide-linux-x64-musl",
        "@tailwindcss/oxide-win32-arm64-msvc",
        "@tailwindcss/oxide-win32-x64-msvc"
      ]
    },
    "@tailwindcss/vite@4.0.15_vite@5.4.14_lightningcss@1.29.2": {
      "integrity": "sha512-JRexava80NijI8cTcLXNM3nQL5A0ptTHI8oJLLe8z1MpNB6p5J4WCdJJP8RoyHu8/eB1JzEdbpH86eGfbuaezQ==",
      "dependencies": [
        "@tailwindcss/node",
        "@tailwindcss/oxide",
        "lightningcss",
        "tailwindcss@4.0.15",
        "vite@5.4.14_lightningcss@1.29.2"
      ]
    },
    "@tauri-apps/api@2.2.0": {
      "integrity": "sha512-R8epOeZl1eJEl603aUMIGb4RXlhPjpgxbGVEaqY+0G5JG9vzV/clNlzTeqc+NLYXVqXcn8mb4c5b9pJIUDEyAg=="
    },
    "@tauri-apps/cli-darwin-arm64@2.2.7": {
      "integrity": "sha512-54kcpxZ3X1Rq+pPTzk3iIcjEVY4yv493uRx/80rLoAA95vAC0c//31Whz75UVddDjJfZvXlXZ3uSZ+bnCOnt0A=="
    },
    "@tauri-apps/cli-darwin-x64@2.2.7": {
      "integrity": "sha512-Vgu2XtBWemLnarB+6LqQeLanDlRj7CeFN//H8bVVdjbNzxcSxsvbLYMBP8+3boa7eBnjDrqMImRySSgL6IrwTw=="
    },
    "@tauri-apps/cli-linux-arm-gnueabihf@2.2.7": {
      "integrity": "sha512-+Clha2iQAiK9zoY/KKW0KLHkR0k36O78YLx5Sl98tWkwI3OBZFg5H5WT1plH/4sbZIS2aLFN6dw58/JlY9Bu/g=="
    },
    "@tauri-apps/cli-linux-arm64-gnu@2.2.7": {
      "integrity": "sha512-Z/Lp4SQe6BUEOays9BQAEum2pvZF4w9igyXijP+WbkOejZx4cDvarFJ5qXrqSLmBh7vxrdZcLwoLk9U//+yQrg=="
    },
    "@tauri-apps/cli-linux-arm64-musl@2.2.7": {
      "integrity": "sha512-+8HZ+txff/Y3YjAh80XcLXcX8kpGXVdr1P8AfjLHxHdS6QD4Md+acSxGTTNbplmHuBaSHJvuTvZf9tU1eDCTDg=="
    },
    "@tauri-apps/cli-linux-x64-gnu@2.2.7": {
      "integrity": "sha512-ahlSnuCnUntblp9dG7/w5ZWZOdzRFi3zl0oScgt7GF4KNAOEa7duADsxPA4/FT2hLRa0SvpqtD4IYFvCxoVv3Q=="
    },
    "@tauri-apps/cli-linux-x64-musl@2.2.7": {
      "integrity": "sha512-+qKAWnJRSX+pjjRbKAQgTdFY8ecdcu8UdJ69i7wn3ZcRn2nMMzOO2LOMOTQV42B7/Q64D1pIpmZj9yblTMvadA=="
    },
    "@tauri-apps/cli-win32-arm64-msvc@2.2.7": {
      "integrity": "sha512-aa86nRnrwT04u9D9fhf5JVssuAZlUCCc8AjqQjqODQjMd4BMA2+d4K9qBMpEG/1kVh95vZaNsLogjEaqSTTw4A=="
    },
    "@tauri-apps/cli-win32-ia32-msvc@2.2.7": {
      "integrity": "sha512-EiJ5/25tLSQOSGvv+t6o3ZBfOTKB5S3vb+hHQuKbfmKdRF0XQu2YPdIi1CQw1DU97ZAE0Dq4frvnyYEKWgMzVQ=="
    },
    "@tauri-apps/cli-win32-x64-msvc@2.2.7": {
      "integrity": "sha512-ZB8Kw90j8Ld+9tCWyD2fWCYfIrzbQohJ4DJSidNwbnehlZzP7wAz6Z3xjsvUdKtQ3ibtfoeTqVInzCCEpI+pWg=="
    },
    "@tauri-apps/cli@2.2.7": {
      "integrity": "sha512-ZnsS2B4BplwXP37celanNANiIy8TCYhvg5RT09n72uR/o+navFZtGpFSqljV8fy1Y4ixIPds8FrGSXJCN2BerA==",
      "dependencies": [
        "@tauri-apps/cli-darwin-arm64",
        "@tauri-apps/cli-darwin-x64",
        "@tauri-apps/cli-linux-arm-gnueabihf",
        "@tauri-apps/cli-linux-arm64-gnu",
        "@tauri-apps/cli-linux-arm64-musl",
        "@tauri-apps/cli-linux-x64-gnu",
        "@tauri-apps/cli-linux-x64-musl",
        "@tauri-apps/cli-win32-arm64-msvc",
        "@tauri-apps/cli-win32-ia32-msvc",
        "@tauri-apps/cli-win32-x64-msvc"
      ]
    },
    "@tauri-apps/plugin-deep-link@2.2.0": {
      "integrity": "sha512-H6mkxr2KZ3XJcKL44tiq6cOjCw9DL8OgU1xjn3j26Qsn+H/roPFiyhR7CHuB8Ar+sQFj4YVlfmJwtBajK2FETQ==",
      "dependencies": [
        "@tauri-apps/api"
      ]
    },
    "@tauri-apps/plugin-dialog@2.2.0": {
      "integrity": "sha512-6bLkYK68zyK31418AK5fNccCdVuRnNpbxquCl8IqgFByOgWFivbiIlvb79wpSXi0O+8k8RCSsIpOquebusRVSg==",
      "dependencies": [
        "@tauri-apps/api"
      ]
    },
    "@types/cookie@0.6.0": {
      "integrity": "sha512-4Kh9a6B2bQciAhf7FSuMRRkUWecJgJu9nPnx3yzpsfXX/c50REIqpHY4C82bXP90qrLtXtkDxTZosYO3UpOwlA=="
    },
    "@types/estree@1.0.6": {
      "integrity": "sha512-AYnb1nQyY49te+VRAVgmzfcgjYS91mY5P0TKUDCLEM+gNnA+3T6rWITXRLYCpahpqSQbN5cE+gHpnPyXjHWxcw=="
    },
    "acorn@8.14.0": {
      "integrity": "sha512-cl669nCJTZBsL97OF4kUQm5g5hC2uihk0NxY3WENAC0TYdILVkAyHymAntgxGkl7K+t0cXIrH5siy5S4XkFycA=="
    },
    "aria-query@5.3.2": {
      "integrity": "sha512-COROpnaoap1E2F000S62r6A60uHZnmlvomhfyT2DlTcrY1OrBKn2UhH7qn5wTC9zMvD0AY7csdPSNwKP+7WiQw=="
    },
    "axobject-query@4.1.0": {
      "integrity": "sha512-qIj0G9wZbMGNLjLmg1PT6v2mE9AH2zlnADJD/2tC6E00hgmhUOfEB6greHPAfLRSufHqROIUTkw6E+M3lH0PTQ=="
    },
    "chokidar@4.0.3": {
      "integrity": "sha512-Qgzu8kfBvo+cA4962jnP1KkS6Dop5NS6g7R5LFYJr4b8Ub94PPQXUksCw9PvXoeXPRRddRNC5C1JQUR2SMGtnA==",
      "dependencies": [
        "readdirp"
      ]
    },
    "code-red@1.0.4": {
      "integrity": "sha512-7qJWqItLA8/VPVlKJlFXU+NBlo/qyfs39aJcuMT/2ere32ZqvF5OSxgdM5xOfJJ7O429gg2HM47y8v9P+9wrNw==",
      "dependencies": [
        "@jridgewell/sourcemap-codec",
        "@types/estree",
        "acorn",
        "estree-walker",
        "periscopic"
      ]
    },
    "cookie@0.6.0": {
      "integrity": "sha512-U71cyTamuh1CRNCfpGY6to28lxvNwPG4Guz/EVjgf3Jmzv0vlDp1atT9eS5dDjMYHucpHbWns6Lwf3BKz6svdw=="
    },
    "css-tree@2.3.1": {
      "integrity": "sha512-6Fv1DV/TYw//QF5IzQdqsNDjx/wc8TrMBZsqjL9eW01tWb7R7k/mq+/VXfJCl7SoD5emsJop9cOByJZfs8hYIw==",
      "dependencies": [
        "mdn-data",
        "source-map-js"
      ]
    },
    "debug@4.4.0": {
      "integrity": "sha512-6WTZ/IxCY/T6BALoZHaE4ctp9xm+Z5kY/pzYaCHRFeyVhojxlrm+46y68HA6hr0TcwEssoxNiDEUJQjfPZ/RYA==",
      "dependencies": [
        "ms"
      ]
    },
    "deepmerge@4.3.1": {
      "integrity": "sha512-3sUqbMEc77XqpdNO7FRyRog+eW3ph+GYCbj+rK+uYyRMuwsVy0rMiVtPn+QJlKFvWP/1PYpapqYn0Me2knFn+A=="
    },
    "detect-libc@2.0.3": {
      "integrity": "sha512-bwy0MGW55bG41VqxxypOsdSdGqLwXPI/focwgTYCFMbdUiBAxLg9CFzG08sz2aqzknwiX7Hkl0bQENjg8iLByw=="
    },
    "devalue@5.1.1": {
      "integrity": "sha512-maua5KUiapvEwiEAe+XnlZ3Rh0GD+qI1J/nb9vrJc3muPXvcF/8gXYTWF76+5DAqHyDUtOIImEuo0YKE9mshVw=="
    },
    "enhanced-resolve@5.18.1": {
      "integrity": "sha512-ZSW3ma5GkcQBIpwZTSRAI8N71Uuwgs93IezB7mf7R60tC8ZbJideoDNKjHn2O9KIlx6rkGTTEk1xUCK2E1Y2Yg==",
      "dependencies": [
        "graceful-fs",
        "tapable"
      ]
    },
    "esbuild@0.21.5": {
      "integrity": "sha512-mg3OPMV4hXywwpoDxu3Qda5xCKQi+vCTZq8S9J/EpkhB2HzKXq4SNFZE3+NK93JYxc8VMSep+lOUSC/RVKaBqw==",
      "dependencies": [
        "@esbuild/aix-ppc64",
        "@esbuild/android-arm",
        "@esbuild/android-arm64",
        "@esbuild/android-x64",
        "@esbuild/darwin-arm64",
        "@esbuild/darwin-x64",
        "@esbuild/freebsd-arm64",
        "@esbuild/freebsd-x64",
        "@esbuild/linux-arm",
        "@esbuild/linux-arm64",
        "@esbuild/linux-ia32",
        "@esbuild/linux-loong64",
        "@esbuild/linux-mips64el",
        "@esbuild/linux-ppc64",
        "@esbuild/linux-riscv64",
        "@esbuild/linux-s390x",
        "@esbuild/linux-x64",
        "@esbuild/netbsd-x64",
        "@esbuild/openbsd-x64",
        "@esbuild/sunos-x64",
        "@esbuild/win32-arm64",
        "@esbuild/win32-ia32",
        "@esbuild/win32-x64"
      ]
    },
    "esm-env@1.2.2": {
      "integrity": "sha512-Epxrv+Nr/CaL4ZcFGPJIYLWFom+YeV1DqMLHJoEd9SYRxNbaFruBwfEX/kkHUJf55j2+TUbmDcmuilbP1TmXHA=="
    },
    "estree-walker@3.0.3": {
      "integrity": "sha512-7RUKfXgSMMkzt6ZuXmqapOurLGPPfgj6l9uRZ7lRGolvk0y2yocc35LdcxKC5PQZdn2DMqioAQ2NoWcrTKmm6g==",
      "dependencies": [
        "@types/estree"
      ]
    },
    "fdir@6.4.3": {
      "integrity": "sha512-PMXmW2y1hDDfTSRc9gaXIuCCRpuoz3Kaz8cUelp3smouvfT632ozg2vrT6lJsHKKOF59YLbOGfAWGUcKEfRMQw=="
    },
    "fsevents@2.3.3": {
      "integrity": "sha512-5xoDfX+fL7faATnagmWPpbFtwh/R77WmMMqqHGS65C3vvB0YHrgF+B1YmZ3441tMj5n63k0212XNoJwzlhffQw=="
    },
    "graceful-fs@4.2.11": {
      "integrity": "sha512-RbJ5/jmFcNNCcDV5o9eTnBLJ/HszWV0P73bc+Ff4nS/rJj+YaS6IGyiOL0VoBYX+l1Wrl3k63h/KrH+nhJ0XvQ=="
    },
    "import-meta-resolve@4.1.0": {
      "integrity": "sha512-I6fiaX09Xivtk+THaMfAwnA3MVA5Big1WHF1Dfx9hFuvNIWpXnorlkzhcQf6ehrqQiiZECRt1poOAkPmer3ruw=="
    },
    "is-reference@3.0.3": {
      "integrity": "sha512-ixkJoqQvAP88E6wLydLGGqCJsrFUnqoH6HnaczB8XmDH1oaWU+xxdptvikTgaEhtZ53Ky6YXiBuUI2WXLMCwjw==",
      "dependencies": [
        "@types/estree"
      ]
    },
    "jiti@2.4.2": {
      "integrity": "sha512-rg9zJN+G4n2nfJl5MW3BMygZX56zKPNVEYYqq7adpmMh4Jn2QNEwhvQlFy6jPVdcod7txZtKHWnyZiA3a0zP7A=="
    },
    "kleur@4.1.5": {
      "integrity": "sha512-o+NO+8WrRiQEE4/7nwRJhN1HWpVmJm511pBHUxPLtp0BUISzlBplORYSmTclCnJvQq2tKu/sgl3xVpkc7ZWuQQ=="
    },
    "lightningcss-darwin-arm64@1.29.2": {
      "integrity": "sha512-cK/eMabSViKn/PG8U/a7aCorpeKLMlK0bQeNHmdb7qUnBkNPnL+oV5DjJUo0kqWsJUapZsM4jCfYItbqBDvlcA=="
    },
    "lightningcss-darwin-x64@1.29.2": {
      "integrity": "sha512-j5qYxamyQw4kDXX5hnnCKMf3mLlHvG44f24Qyi2965/Ycz829MYqjrVg2H8BidybHBp9kom4D7DR5VqCKDXS0w=="
    },
    "lightningcss-freebsd-x64@1.29.2": {
      "integrity": "sha512-wDk7M2tM78Ii8ek9YjnY8MjV5f5JN2qNVO+/0BAGZRvXKtQrBC4/cn4ssQIpKIPP44YXw6gFdpUF+Ps+RGsCwg=="
    },
    "lightningcss-linux-arm-gnueabihf@1.29.2": {
      "integrity": "sha512-IRUrOrAF2Z+KExdExe3Rz7NSTuuJ2HvCGlMKoquK5pjvo2JY4Rybr+NrKnq0U0hZnx5AnGsuFHjGnNT14w26sg=="
    },
    "lightningcss-linux-arm64-gnu@1.29.2": {
      "integrity": "sha512-KKCpOlmhdjvUTX/mBuaKemp0oeDIBBLFiU5Fnqxh1/DZ4JPZi4evEH7TKoSBFOSOV3J7iEmmBaw/8dpiUvRKlQ=="
    },
    "lightningcss-linux-arm64-musl@1.29.2": {
      "integrity": "sha512-Q64eM1bPlOOUgxFmoPUefqzY1yV3ctFPE6d/Vt7WzLW4rKTv7MyYNky+FWxRpLkNASTnKQUaiMJ87zNODIrrKQ=="
    },
    "lightningcss-linux-x64-gnu@1.29.2": {
      "integrity": "sha512-0v6idDCPG6epLXtBH/RPkHvYx74CVziHo6TMYga8O2EiQApnUPZsbR9nFNrg2cgBzk1AYqEd95TlrsL7nYABQg=="
    },
    "lightningcss-linux-x64-musl@1.29.2": {
      "integrity": "sha512-rMpz2yawkgGT8RULc5S4WiZopVMOFWjiItBT7aSfDX4NQav6M44rhn5hjtkKzB+wMTRlLLqxkeYEtQ3dd9696w=="
    },
    "lightningcss-win32-arm64-msvc@1.29.2": {
      "integrity": "sha512-nL7zRW6evGQqYVu/bKGK+zShyz8OVzsCotFgc7judbt6wnB2KbiKKJwBE4SGoDBQ1O94RjW4asrCjQL4i8Fhbw=="
    },
    "lightningcss-win32-x64-msvc@1.29.2": {
      "integrity": "sha512-EdIUW3B2vLuHmv7urfzMI/h2fmlnOQBk1xlsDxkN1tCWKjNFjfLhGxYk8C8mzpSfr+A6jFFIi8fU6LbQGsRWjA=="
    },
    "lightningcss@1.29.2": {
      "integrity": "sha512-6b6gd/RUXKaw5keVdSEtqFVdzWnU5jMxTUjA2bVcMNPLwSQ08Sv/UodBVtETLCn7k4S1Ibxwh7k68IwLZPgKaA==",
      "dependencies": [
        "detect-libc",
        "lightningcss-darwin-arm64",
        "lightningcss-darwin-x64",
        "lightningcss-freebsd-x64",
        "lightningcss-linux-arm-gnueabihf",
        "lightningcss-linux-arm64-gnu",
        "lightningcss-linux-arm64-musl",
        "lightningcss-linux-x64-gnu",
        "lightningcss-linux-x64-musl",
        "lightningcss-win32-arm64-msvc",
        "lightningcss-win32-x64-msvc"
      ]
    },
    "locate-character@3.0.0": {
      "integrity": "sha512-SW13ws7BjaeJ6p7Q6CO2nchbYEc3X3J6WrmTTDto7yMPqVSZTUyY5Tjbid+Ab8gLnATtygYtiDIJGQRRn2ZOiA=="
    },
    "magic-string@0.30.17": {
      "integrity": "sha512-sNPKHvyjVf7gyjwS4xGTaW/mCnF8wnjtifKBEhxfZ7E/S8tQ0rssrwGNn6q8JH/ohItJfSQp9mBtQYuTlH5QnA==",
      "dependencies": [
        "@jridgewell/sourcemap-codec"
      ]
    },
    "mdn-data@2.0.30": {
      "integrity": "sha512-GaqWWShW4kv/G9IEucWScBx9G1/vsFZZJUO+tD26M8J8z3Kw5RDQjaoZe03YAClgeS/SWPOcb4nkFBTEi5DUEA=="
    },
    "mri@1.2.0": {
      "integrity": "sha512-tzzskb3bG8LvYGFF/mDTpq3jpI6Q9wc3LEmBaghu+DdCssd1FakN7Bc0hVNmEyGq1bq3RgfkCb3cmQLpNPOroA=="
    },
    "mrmime@2.0.1": {
      "integrity": "sha512-Y3wQdFg2Va6etvQ5I82yUhGdsKrcYox6p7FfL1LbK2J4V01F9TGlepTIhnK24t7koZibmg82KGglhA1XK5IsLQ=="
    },
    "ms@2.1.3": {
      "integrity": "sha512-6FlzubTLZG3J2a/NVCAleEhjzq5oxgHyaCU9yYXvcLsvoVaHJq/s5xXI6/XXP6tz7R9xAOtHnSO/tXtF3WRTlA=="
    },
    "nanoid@3.3.8": {
      "integrity": "sha512-WNLf5Sd8oZxOm+TzppcYk8gVOgP+l58xNy58D0nbUnOxOWRWvlcCV4kUF7ltmI6PsrLl/BgKEyS4mqsGChFN0w=="
    },
    "periscopic@3.1.0": {
      "integrity": "sha512-vKiQ8RRtkl9P+r/+oefh25C3fhybptkHKCZSPlcXiJux2tJF55GnEj3BVn4A5gKfq9NWWXXrxkHBwVPUfH0opw==",
      "dependencies": [
        "@types/estree",
        "estree-walker",
        "is-reference"
      ]
    },
    "phosphor-svelte@2.0.1_svelte@4.2.19": {
      "integrity": "sha512-2Ryvaf1sfCNOF0zTQVghtxOs/6JKn9MV+e9uluNAT9wAosgNYnaBD210WcFGRrva1sF8cddv7EWSS//ITNN4mg==",
      "dependencies": [
        "svelte"
      ]
    },
    "picocolors@1.1.1": {
      "integrity": "sha512-xceH2snhtb5M9liqDsmEw56le376mTZkEX/jEb/RxNFyegNul7eNslCXP9FDj/Lcu0X8KEyMceP2ntpaHrDEVA=="
    },
    "postcss@8.5.2": {
      "integrity": "sha512-MjOadfU3Ys9KYoX0AdkBlFEF1Vx37uCCeN4ZHnmwm9FfpbsGWMZeBLMmmpY+6Ocqod7mkdZ0DT31OlbsFrLlkA==",
      "dependencies": [
        "nanoid",
        "picocolors",
        "source-map-js"
      ]
    },
    "readdirp@4.1.2": {
      "integrity": "sha512-GDhwkLfywWL2s6vEjyhri+eXmfH6j1L7JE27WhqLeYzoh/A3DBaYGEj2H/HFZCn/kMfim73FXxEJTw06WtxQwg=="
    },
    "rollup@4.34.8": {
      "integrity": "sha512-489gTVMzAYdiZHFVA/ig/iYFllCcWFHMvUHI1rpFmkoUtRlQxqh6/yiNqnYibjMZ2b/+FUQwldG+aLsEt6bglQ==",
      "dependencies": [
        "@rollup/rollup-android-arm-eabi",
        "@rollup/rollup-android-arm64",
        "@rollup/rollup-darwin-arm64",
        "@rollup/rollup-darwin-x64",
        "@rollup/rollup-freebsd-arm64",
        "@rollup/rollup-freebsd-x64",
        "@rollup/rollup-linux-arm-gnueabihf",
        "@rollup/rollup-linux-arm-musleabihf",
        "@rollup/rollup-linux-arm64-gnu",
        "@rollup/rollup-linux-arm64-musl",
        "@rollup/rollup-linux-loongarch64-gnu",
        "@rollup/rollup-linux-powerpc64le-gnu",
        "@rollup/rollup-linux-riscv64-gnu",
        "@rollup/rollup-linux-s390x-gnu",
        "@rollup/rollup-linux-x64-gnu",
        "@rollup/rollup-linux-x64-musl",
        "@rollup/rollup-win32-arm64-msvc",
        "@rollup/rollup-win32-ia32-msvc",
        "@rollup/rollup-win32-x64-msvc",
        "@types/estree",
        "fsevents"
      ]
    },
    "sade@1.8.1": {
      "integrity": "sha512-xal3CZX1Xlo/k4ApwCFrHVACi9fBqJ7V+mwhBsuf/1IOKbBy098Fex+Wa/5QMubw09pSZ/u8EY8PWgevJsXp1A==",
      "dependencies": [
        "mri"
      ]
    },
    "set-cookie-parser@2.7.1": {
      "integrity": "sha512-IOc8uWeOZgnb3ptbCURJWNjWUPcO3ZnTTdzsurqERrP6nPyv+paC55vJM0LpOlT2ne+Ix+9+CRG1MNLlyZ4GjQ=="
    },
    "sirv@3.0.1": {
      "integrity": "sha512-FoqMu0NCGBLCcAkS1qA+XJIQTR6/JHfQXl+uGteNCQ76T91DMUjPa9xfmeqMY3z80nLSg9yQmNjK0Px6RWsH/A==",
      "dependencies": [
        "@polka/url",
        "mrmime",
        "totalist"
      ]
    },
    "source-map-js@1.2.1": {
      "integrity": "sha512-UXWMKhLOwVKb728IUtQPXxfYU+usdybtUrK/8uGE8CQMvrhOpwvzDBwj0QhSL7MQc7vIsISBG8VQ8+IDQxpfQA=="
    },
    "svelte-check@4.1.4_svelte@4.2.19_typescript@5.7.3": {
      "integrity": "sha512-v0j7yLbT29MezzaQJPEDwksybTE2Ups9rUxEXy92T06TiA0cbqcO8wAOwNUVkFW6B0hsYHA+oAX3BS8b/2oHtw==",
      "dependencies": [
        "@jridgewell/trace-mapping",
        "chokidar",
        "fdir",
        "picocolors",
        "sade",
        "svelte",
        "typescript"
      ]
    },
    "svelte-hmr@0.16.0_svelte@4.2.19": {
      "integrity": "sha512-Gyc7cOS3VJzLlfj7wKS0ZnzDVdv3Pn2IuVeJPk9m2skfhcu5bq3wtIZyQGggr7/Iim5rH5cncyQft/kRLupcnA==",
      "dependencies": [
        "svelte"
      ]
    },
    "svelte@4.2.19": {
      "integrity": "sha512-IY1rnGr6izd10B0A8LqsBfmlT5OILVuZ7XsI0vdGPEvuonFV7NYEUK4dAkm9Zg2q0Um92kYjTpS1CAP3Nh/KWw==",
      "dependencies": [
        "@ampproject/remapping",
        "@jridgewell/sourcemap-codec",
        "@jridgewell/trace-mapping",
        "@types/estree",
        "acorn",
        "aria-query",
        "axobject-query",
        "code-red",
        "css-tree",
        "estree-walker",
        "is-reference",
        "locate-character",
        "magic-string",
        "periscopic"
      ]
    },
    "tailwindcss@4.0.15": {
      "integrity": "sha512-6ZMg+hHdMJpjpeCCFasX7K+U615U9D+7k5/cDK/iRwl6GptF24+I/AbKgOnXhVKePzrEyIXutLv36n4cRsq3Sg=="
    },
    "tailwindcss@4.0.7": {
      "integrity": "sha512-yH5bPPyapavo7L+547h3c4jcBXcrKwybQRjwdEIVAd9iXRvy/3T1CC6XSQEgZtRySjKfqvo3Cc0ZF1DTheuIdA=="
    },
    "tapable@2.2.1": {
      "integrity": "sha512-GNzQvQTOIP6RyTfE2Qxb8ZVlNmw0n88vp1szwWRimP02mnTsx3Wtn5qRdqY9w2XduFNUgvOwhNnQsjwCp+kqaQ=="
    },
    "totalist@3.0.1": {
      "integrity": "sha512-sf4i37nQ2LBx4m3wB74y+ubopq6W/dIzXg0FDGjsYnZHVa1Da8FH853wlL2gtUhg+xJXjfk3kUZS3BRoQeoQBQ=="
    },
    "typescript@5.7.3": {
      "integrity": "sha512-84MVSjMEHP+FQRPy3pX9sTVV/INIex71s9TL2Gm5FG/WG1SqXeKyZ0k7/blY/4FdOzI12CBy1vGc4og/eus0fw=="
    },
    "vite@5.4.14": {
      "integrity": "sha512-EK5cY7Q1D8JNhSaPKVK4pwBFvaTmZxEnoKXLG/U9gmdDcihQGNzFlgIvaxezFR4glP1LsuiedwMBqCXH3wZccA==",
      "dependencies": [
        "esbuild",
        "fsevents",
        "postcss",
        "rollup"
      ]
    },
    "vite@5.4.14_lightningcss@1.29.2": {
      "integrity": "sha512-EK5cY7Q1D8JNhSaPKVK4pwBFvaTmZxEnoKXLG/U9gmdDcihQGNzFlgIvaxezFR4glP1LsuiedwMBqCXH3wZccA==",
      "dependencies": [
        "esbuild",
        "fsevents",
        "lightningcss",
        "postcss",
        "rollup"
      ]
    },
    "vitefu@0.2.5_vite@5.4.14": {
      "integrity": "sha512-SgHtMLoqaeeGnd2evZ849ZbACbnwQCIwRH57t18FxcXoZop0uQu0uzlIhJBlF/eWVzuce0sHeqPcDo+evVcg8Q==",
      "dependencies": [
        "vite@5.4.14"
      ]
    }
  },
  "workspace": {
    "packageJson": {
      "dependencies": [
        "npm:@sveltejs/adapter-static@3",
        "npm:@sveltejs/kit@^2.17.0",
        "npm:@sveltejs/vite-plugin-svelte@^3.1.0",
        "npm:@tailwindcss/vite@4",
        "npm:@tauri-apps/api@^2.2.0",
        "npm:@tauri-apps/cli@^2.2.0",
        "npm:@tauri-apps/plugin-deep-link@^2.2.0",
        "npm:@tauri-apps/plugin-dialog@^2.2.0",
        "npm:phosphor-svelte@2",
        "npm:svelte-check@^4.1.0",
        "npm:svelte@^4.2.0",
        "npm:tailwindcss@4",
        "npm:typescript@^5.7.0",
        "npm:vite@^5.4.0"
      ]
    }
  }
}
